// !$*UTF8*$!
{
	archiveVersion = 1;
	classes = {
	};
	objectVersion = 46;
	objects = {

/* Begin PBXBuildFile section */
		F45604CF23435D4E007A375D /* WebKit.framework in Frameworks */ = {isa = PBXBuildFile; fileRef = F45604CE23435D4E007A375D /* WebKit.framework */; };
		F4BEE071237595AD00BB45FF /* PassKit.framework in Frameworks */ = {isa = PBXBuildFile; fileRef = F46242D122C2044D00015951 /* PassKit.framework */; };
		F4C024A51F162C1800BF2CDF /* ViewController.swift in Sources */ = {isa = PBXBuildFile; fileRef = F4C024A41F162C1800BF2CDF /* ViewController.swift */; };
		F7CBB8161C6DF8A000EC450A /* AppDelegate.swift in Sources */ = {isa = PBXBuildFile; fileRef = F7CBB8151C6DF8A000EC450A /* AppDelegate.swift */; };
		F7CBB81B1C6DF8A000EC450A /* Main.storyboard in Resources */ = {isa = PBXBuildFile; fileRef = F7CBB8191C6DF8A000EC450A /* Main.storyboard */; };
		F7CBB81D1C6DF8A000EC450A /* Assets.xcassets in Resources */ = {isa = PBXBuildFile; fileRef = F7CBB81C1C6DF8A000EC450A /* Assets.xcassets */; };
		F7CBB8201C6DF8A000EC450A /* LaunchScreen.storyboard in Resources */ = {isa = PBXBuildFile; fileRef = F7CBB81E1C6DF8A000EC450A /* LaunchScreen.storyboard */; };
		F7CBB8291C6DF95500EC450A /* libP24.a in Frameworks */ = {isa = PBXBuildFile; fileRef = F7CBB8271C6DF95400EC450A /* libP24.a */; };
		F7CBB82B1C6DF98A00EC450A /* Security.framework in Frameworks */ = {isa = PBXBuildFile; fileRef = F7CBB82A1C6DF98A00EC450A /* Security.framework */; };
		F7CBB82D1C6DF99000EC450A /* UIKit.framework in Frameworks */ = {isa = PBXBuildFile; fileRef = F7CBB82C1C6DF99000EC450A /* UIKit.framework */; };
		F7CBB82F1C6DF99600EC450A /* Foundation.framework in Frameworks */ = {isa = PBXBuildFile; fileRef = F7CBB82E1C6DF99600EC450A /* Foundation.framework */; };
		F7CBB8311C6DF99F00EC450A /* libxml2.2.tbd in Frameworks */ = {isa = PBXBuildFile; fileRef = F7CBB8301C6DF99F00EC450A /* libxml2.2.tbd */; };
		F7CBB8331C6DF9A700EC450A /* libz.1.2.5.tbd in Frameworks */ = {isa = PBXBuildFile; fileRef = F7CBB8321C6DF9A700EC450A /* libz.1.2.5.tbd */; };
/* End PBXBuildFile section */

/* Begin PBXFileReference section */
		F45604CE23435D4E007A375D /* WebKit.framework */ = {isa = PBXFileReference; lastKnownFileType = wrapper.framework; name = WebKit.framework; path = System/Library/Frameworks/WebKit.framework; sourceTree = SDKROOT; };
		F46242CF22C1FA7000015951 /* P24ExampleSwift.entitlements */ = {isa = PBXFileReference; lastKnownFileType = text.plist.entitlements; path = P24ExampleSwift.entitlements; sourceTree = "<group>"; };
		F46242D122C2044D00015951 /* PassKit.framework */ = {isa = PBXFileReference; lastKnownFileType = wrapper.framework; name = PassKit.framework; path = System/Library/Frameworks/PassKit.framework; sourceTree = SDKROOT; };
		F4C024A41F162C1800BF2CDF /* ViewController.swift */ = {isa = PBXFileReference; fileEncoding = 4; lastKnownFileType = sourcecode.swift; path = ViewController.swift; sourceTree = "<group>"; };
		F7CBB8121C6DF8A000EC450A /* P24ExampleSwift.app */ = {isa = PBXFileReference; explicitFileType = wrapper.application; includeInIndex = 0; path = P24ExampleSwift.app; sourceTree = BUILT_PRODUCTS_DIR; };
		F7CBB8151C6DF8A000EC450A /* AppDelegate.swift */ = {isa = PBXFileReference; lastKnownFileType = sourcecode.swift; path = AppDelegate.swift; sourceTree = "<group>"; };
		F7CBB81A1C6DF8A000EC450A /* Base */ = {isa = PBXFileReference; lastKnownFileType = file.storyboard; name = Base; path = Base.lproj/Main.storyboard; sourceTree = "<group>"; };
		F7CBB81C1C6DF8A000EC450A /* Assets.xcassets */ = {isa = PBXFileReference; lastKnownFileType = folder.assetcatalog; path = Assets.xcassets; sourceTree = "<group>"; };
		F7CBB81F1C6DF8A000EC450A /* Base */ = {isa = PBXFileReference; lastKnownFileType = file.storyboard; name = Base; path = Base.lproj/LaunchScreen.storyboard; sourceTree = "<group>"; };
		F7CBB8211C6DF8A000EC450A /* Info.plist */ = {isa = PBXFileReference; lastKnownFileType = text.plist.xml; path = Info.plist; sourceTree = "<group>"; };
		F7CBB8271C6DF95400EC450A /* libP24.a */ = {isa = PBXFileReference; lastKnownFileType = archive.ar; path = libP24.a; sourceTree = "<group>"; };
		F7CBB8281C6DF95500EC450A /* P24.h */ = {isa = PBXFileReference; fileEncoding = 4; lastKnownFileType = sourcecode.c.h; path = P24.h; sourceTree = "<group>"; };
		F7CBB82A1C6DF98A00EC450A /* Security.framework */ = {isa = PBXFileReference; lastKnownFileType = wrapper.framework; name = Security.framework; path = System/Library/Frameworks/Security.framework; sourceTree = SDKROOT; };
		F7CBB82C1C6DF99000EC450A /* UIKit.framework */ = {isa = PBXFileReference; lastKnownFileType = wrapper.framework; name = UIKit.framework; path = System/Library/Frameworks/UIKit.framework; sourceTree = SDKROOT; };
		F7CBB82E1C6DF99600EC450A /* Foundation.framework */ = {isa = PBXFileReference; lastKnownFileType = wrapper.framework; name = Foundation.framework; path = System/Library/Frameworks/Foundation.framework; sourceTree = SDKROOT; };
		F7CBB8301C6DF99F00EC450A /* libxml2.2.tbd */ = {isa = PBXFileReference; lastKnownFileType = "sourcecode.text-based-dylib-definition"; name = libxml2.2.tbd; path = usr/lib/libxml2.2.tbd; sourceTree = SDKROOT; };
		F7CBB8321C6DF9A700EC450A /* libz.1.2.5.tbd */ = {isa = PBXFileReference; lastKnownFileType = "sourcecode.text-based-dylib-definition"; name = libz.1.2.5.tbd; path = usr/lib/libz.1.2.5.tbd; sourceTree = SDKROOT; };
		F7CBB8341C6E00DE00EC450A /* P24ExampleSwift-Bridging-Header.h */ = {isa = PBXFileReference; lastKnownFileType = sourcecode.c.h; path = "P24ExampleSwift-Bridging-Header.h"; sourceTree = "<group>"; };
/* End PBXFileReference section */

/* Begin PBXFrameworksBuildPhase section */
		F7CBB80F1C6DF8A000EC450A /* Frameworks */ = {
			isa = PBXFrameworksBuildPhase;
			buildActionMask = 2147483647;
			files = (
				F4BEE071237595AD00BB45FF /* PassKit.framework in Frameworks */,
				F7CBB8331C6DF9A700EC450A /* libz.1.2.5.tbd in Frameworks */,
				F45604CF23435D4E007A375D /* WebKit.framework in Frameworks */,
				F7CBB8311C6DF99F00EC450A /* libxml2.2.tbd in Frameworks */,
				F7CBB82F1C6DF99600EC450A /* Foundation.framework in Frameworks */,
				F7CBB82D1C6DF99000EC450A /* UIKit.framework in Frameworks */,
				F7CBB82B1C6DF98A00EC450A /* Security.framework in Frameworks */,
				F7CBB8291C6DF95500EC450A /* libP24.a in Frameworks */,
			);
			runOnlyForDeploymentPostprocessing = 0;
		};
/* End PBXFrameworksBuildPhase section */

/* Begin PBXGroup section */
		F46242D022C2044D00015951 /* Frameworks */ = {
			isa = PBXGroup;
			children = (
				F45604CE23435D4E007A375D /* WebKit.framework */,
				F46242D122C2044D00015951 /* PassKit.framework */,
			);
			name = Frameworks;
			sourceTree = "<group>";
		};
		F7CBB8091C6DF8A000EC450A = {
			isa = PBXGroup;
			children = (
				F7CBB8321C6DF9A700EC450A /* libz.1.2.5.tbd */,
				F7CBB8301C6DF99F00EC450A /* libxml2.2.tbd */,
				F7CBB82E1C6DF99600EC450A /* Foundation.framework */,
				F7CBB82C1C6DF99000EC450A /* UIKit.framework */,
				F7CBB82A1C6DF98A00EC450A /* Security.framework */,
				F7CBB8271C6DF95400EC450A /* libP24.a */,
				F7CBB8281C6DF95500EC450A /* P24.h */,
				F7CBB8141C6DF8A000EC450A /* P24ExampleSwift */,
				F7CBB8131C6DF8A000EC450A /* Products */,
				F46242D022C2044D00015951 /* Frameworks */,
			);
			sourceTree = "<group>";
		};
		F7CBB8131C6DF8A000EC450A /* Products */ = {
			isa = PBXGroup;
			children = (
				F7CBB8121C6DF8A000EC450A /* P24ExampleSwift.app */,
			);
			name = Products;
			sourceTree = "<group>";
		};
		F7CBB8141C6DF8A000EC450A /* P24ExampleSwift */ = {
			isa = PBXGroup;
			children = (
				F46242CF22C1FA7000015951 /* P24ExampleSwift.entitlements */,
				F4C024A41F162C1800BF2CDF /* ViewController.swift */,
				F7CBB8151C6DF8A000EC450A /* AppDelegate.swift */,
				F7CBB8191C6DF8A000EC450A /* Main.storyboard */,
				F7CBB81C1C6DF8A000EC450A /* Assets.xcassets */,
				F7CBB81E1C6DF8A000EC450A /* LaunchScreen.storyboard */,
				F7CBB8211C6DF8A000EC450A /* Info.plist */,
				F7CBB8341C6E00DE00EC450A /* P24ExampleSwift-Bridging-Header.h */,
			);
			path = P24ExampleSwift;
			sourceTree = "<group>";
		};
/* End PBXGroup section */

/* Begin PBXNativeTarget section */
		F7CBB8111C6DF8A000EC450A /* P24ExampleSwift */ = {
			isa = PBXNativeTarget;
			buildConfigurationList = F7CBB8241C6DF8A000EC450A /* Build configuration list for PBXNativeTarget "P24ExampleSwift" */;
			buildPhases = (
				F7CBB80E1C6DF8A000EC450A /* Sources */,
				F7CBB80F1C6DF8A000EC450A /* Frameworks */,
				F7CBB8101C6DF8A000EC450A /* Resources */,
			);
			buildRules = (
			);
			dependencies = (
			);
			name = P24ExampleSwift;
			productName = P24ExampleSwift;
			productReference = F7CBB8121C6DF8A000EC450A /* P24ExampleSwift.app */;
			productType = "com.apple.product-type.application";
		};
/* End PBXNativeTarget section */

/* Begin PBXProject section */
		F7CBB80A1C6DF8A000EC450A /* Project object */ = {
			isa = PBXProject;
			attributes = {
				LastUpgradeCheck = 0700;
				ORGANIZATIONNAME = DialCom24;
				TargetAttributes = {
					F7CBB8111C6DF8A000EC450A = {
						CreatedOnToolsVersion = 7.0;
						DevelopmentTeam = 8KQ8NXL3V9;
						LastSwiftMigration = 0830;
						SystemCapabilities = {
							com.apple.ApplePay = {
								enabled = 1;
							};
						};
					};
				};
			};
			buildConfigurationList = F7CBB80D1C6DF8A000EC450A /* Build configuration list for PBXProject "P24ExampleSwift" */;
			compatibilityVersion = "Xcode 3.2";
			developmentRegion = English;
			hasScannedForEncodings = 0;
			knownRegions = (
				English,
				en,
				Base,
			);
			mainGroup = F7CBB8091C6DF8A000EC450A;
			productRefGroup = F7CBB8131C6DF8A000EC450A /* Products */;
			projectDirPath = "";
			projectRoot = "";
			targets = (
				F7CBB8111C6DF8A000EC450A /* P24ExampleSwift */,
			);
		};
/* End PBXProject section */

/* Begin PBXResourcesBuildPhase section */
		F7CBB8101C6DF8A000EC450A /* Resources */ = {
			isa = PBXResourcesBuildPhase;
			buildActionMask = 2147483647;
			files = (
				F7CBB8201C6DF8A000EC450A /* LaunchScreen.storyboard in Resources */,
				F7CBB81D1C6DF8A000EC450A /* Assets.xcassets in Resources */,
				F7CBB81B1C6DF8A000EC450A /* Main.storyboard in Resources */,
			);
			runOnlyForDeploymentPostprocessing = 0;
		};
/* End PBXResourcesBuildPhase section */

/* Begin PBXSourcesBuildPhase section */
		F7CBB80E1C6DF8A000EC450A /* Sources */ = {
			isa = PBXSourcesBuildPhase;
			buildActionMask = 2147483647;
			files = (
				F4C024A51F162C1800BF2CDF /* ViewController.swift in Sources */,
				F7CBB8161C6DF8A000EC450A /* AppDelegate.swift in Sources */,
			);
			runOnlyForDeploymentPostprocessing = 0;
		};
/* End PBXSourcesBuildPhase section */

/* Begin PBXVariantGroup section */
		F7CBB8191C6DF8A000EC450A /* Main.storyboard */ = {
			isa = PBXVariantGroup;
			children = (
				F7CBB81A1C6DF8A000EC450A /* Base */,
			);
			name = Main.storyboard;
			sourceTree = "<group>";
		};
		F7CBB81E1C6DF8A000EC450A /* LaunchScreen.storyboard */ = {
			isa = PBXVariantGroup;
			children = (
				F7CBB81F1C6DF8A000EC450A /* Base */,
			);
			name = LaunchScreen.storyboard;
			sourceTree = "<group>";
		};
/* End PBXVariantGroup section */

/* Begin XCBuildConfiguration section */
		F7CBB8221C6DF8A000EC450A /* Debug */ = {
			isa = XCBuildConfiguration;
			buildSettings = {
				ALWAYS_SEARCH_USER_PATHS = NO;
				CLANG_CXX_LANGUAGE_STANDARD = "gnu++0x";
				CLANG_CXX_LIBRARY = "libc++";
				CLANG_ENABLE_MODULES = YES;
				CLANG_ENABLE_OBJC_ARC = YES;
				CLANG_WARN_BOOL_CONVERSION = YES;
				CLANG_WARN_CONSTANT_CONVERSION = YES;
				CLANG_WARN_DIRECT_OBJC_ISA_USAGE = YES_ERROR;
				CLANG_WARN_EMPTY_BODY = YES;
				CLANG_WARN_ENUM_CONVERSION = YES;
				CLANG_WARN_INT_CONVERSION = YES;
				CLANG_WARN_OBJC_ROOT_CLASS = YES_ERROR;
				CLANG_WARN_UNREACHABLE_CODE = YES;
				CLANG_WARN__DUPLICATE_METHOD_MATCH = YES;
				"CODE_SIGN_IDENTITY[sdk=iphoneos*]" = "iPhone Developer";
				COPY_PHASE_STRIP = NO;
				DEBUG_INFORMATION_FORMAT = dwarf;
				ENABLE_STRICT_OBJC_MSGSEND = YES;
				ENABLE_TESTABILITY = YES;
				GCC_C_LANGUAGE_STANDARD = gnu99;
				GCC_DYNAMIC_NO_PIC = NO;
				GCC_NO_COMMON_BLOCKS = YES;
				GCC_OPTIMIZATION_LEVEL = 0;
				GCC_PREPROCESSOR_DEFINITIONS = (
					"DEBUG=1",
					"$(inherited)",
				);
				GCC_WARN_64_TO_32_BIT_CONVERSION = YES;
				GCC_WARN_ABOUT_RETURN_TYPE = YES_ERROR;
				GCC_WARN_UNDECLARED_SELECTOR = YES;
				GCC_WARN_UNINITIALIZED_AUTOS = YES_AGGRESSIVE;
				GCC_WARN_UNUSED_FUNCTION = YES;
				GCC_WARN_UNUSED_VARIABLE = YES;
				IPHONEOS_DEPLOYMENT_TARGET = 9.0;
				MTL_ENABLE_DEBUG_INFO = YES;
				ONLY_ACTIVE_ARCH = YES;
				SDKROOT = iphoneos;
				SWIFT_OPTIMIZATION_LEVEL = "-Onone";
				SWIFT_VERSION = 5.0;
				TARGETED_DEVICE_FAMILY = "1,2";
				VALID_ARCHS = "arm64 armv7 armv7s";
			};
			name = Debug;
		};
		F7CBB8231C6DF8A000EC450A /* Release */ = {
			isa = XCBuildConfiguration;
			buildSettings = {
				ALWAYS_SEARCH_USER_PATHS = NO;
				CLANG_CXX_LANGUAGE_STANDARD = "gnu++0x";
				CLANG_CXX_LIBRARY = "libc++";
				CLANG_ENABLE_MODULES = YES;
				CLANG_ENABLE_OBJC_ARC = YES;
				CLANG_WARN_BOOL_CONVERSION = YES;
				CLANG_WARN_CONSTANT_CONVERSION = YES;
				CLANG_WARN_DIRECT_OBJC_ISA_USAGE = YES_ERROR;
				CLANG_WARN_EMPTY_BODY = YES;
				CLANG_WARN_ENUM_CONVERSION = YES;
				CLANG_WARN_INT_CONVERSION = YES;
				CLANG_WARN_OBJC_ROOT_CLASS = YES_ERROR;
				CLANG_WARN_UNREACHABLE_CODE = YES;
				CLANG_WARN__DUPLICATE_METHOD_MATCH = YES;
				"CODE_SIGN_IDENTITY[sdk=iphoneos*]" = "iPhone Developer";
				COPY_PHASE_STRIP = NO;
				DEBUG_INFORMATION_FORMAT = "dwarf-with-dsym";
				ENABLE_NS_ASSERTIONS = NO;
				ENABLE_STRICT_OBJC_MSGSEND = YES;
				GCC_C_LANGUAGE_STANDARD = gnu99;
				GCC_NO_COMMON_BLOCKS = YES;
				GCC_WARN_64_TO_32_BIT_CONVERSION = YES;
				GCC_WARN_ABOUT_RETURN_TYPE = YES_ERROR;
				GCC_WARN_UNDECLARED_SELECTOR = YES;
				GCC_WARN_UNINITIALIZED_AUTOS = YES_AGGRESSIVE;
				GCC_WARN_UNUSED_FUNCTION = YES;
				GCC_WARN_UNUSED_VARIABLE = YES;
				IPHONEOS_DEPLOYMENT_TARGET = 9.0;
				MTL_ENABLE_DEBUG_INFO = NO;
				SDKROOT = iphoneos;
				SWIFT_VERSION = 5.0;
				TARGETED_DEVICE_FAMILY = "1,2";
				VALIDATE_PRODUCT = YES;
				VALID_ARCHS = "arm64 armv7 armv7s";
			};
			name = Release;
		};
		F7CBB8251C6DF8A000EC450A /* Debug */ = {
			isa = XCBuildConfiguration;
			buildSettings = {
				ASSETCATALOG_COMPILER_APPICON_NAME = AppIcon;
				CODE_SIGN_ENTITLEMENTS = P24ExampleSwift/P24ExampleSwift.entitlements;
				DEVELOPMENT_TEAM = 8KQ8NXL3V9;
				ENABLE_BITCODE = NO;
				GCC_GENERATE_DEBUGGING_SYMBOLS = NO;
				INFOPLIST_FILE = P24ExampleSwift/Info.plist;
				IPHONEOS_DEPLOYMENT_TARGET = 8.0;
				LD_RUNPATH_SEARCH_PATHS = "$(inherited) @executable_path/Frameworks";
				LIBRARY_SEARCH_PATHS = (
					"$(inherited)",
					"$(PROJECT_DIR)",
				);
				OTHER_LDFLAGS = (
					"-ObjC",
					"-lstdc++",
				);
				PRODUCT_BUNDLE_IDENTIFIER = pl.przelewy24.example;
				PRODUCT_NAME = "$(TARGET_NAME)";
				SWIFT_OBJC_BRIDGING_HEADER = "P24ExampleSwift/P24ExampleSwift-Bridging-Header.h";
				SWIFT_VERSION = 5.0;
			};
			name = Debug;
		};
		F7CBB8261C6DF8A000EC450A /* Release */ = {
			isa = XCBuildConfiguration;
			buildSettings = {
				ASSETCATALOG_COMPILER_APPICON_NAME = AppIcon;
				CODE_SIGN_ENTITLEMENTS = P24ExampleSwift/P24ExampleSwift.entitlements;
				DEVELOPMENT_TEAM = 8KQ8NXL3V9;
				ENABLE_BITCODE = NO;
				GCC_GENERATE_DEBUGGING_SYMBOLS = NO;
				INFOPLIST_FILE = P24ExampleSwift/Info.plist;
				IPHONEOS_DEPLOYMENT_TARGET = 8.0;
				LD_RUNPATH_SEARCH_PATHS = "$(inherited) @executable_path/Frameworks";
				LIBRARY_SEARCH_PATHS = (
					"$(inherited)",
					"$(PROJECT_DIR)",
				);
				OTHER_LDFLAGS = (
					"-ObjC",
					"-lstdc++",
				);
				PRODUCT_BUNDLE_IDENTIFIER = pl.przelewy24.example;
				PRODUCT_NAME = "$(TARGET_NAME)";
				SWIFT_OBJC_BRIDGING_HEADER = "P24ExampleSwift/P24ExampleSwift-Bridging-Header.h";
				SWIFT_VERSION = 5.0;
			};
			name = Release;
		};
/* End XCBuildConfiguration section */

/* Begin XCConfigurationList section */
		F7CBB80D1C6DF8A000EC450A /* Build configuration list for PBXProject "P24ExampleSwift" */ = {
			isa = XCConfigurationList;
			buildConfigurations = (
				F7CBB8221C6DF8A000EC450A /* Debug */,
				F7CBB8231C6DF8A000EC450A /* Release */,
			);
			defaultConfigurationIsVisible = 0;
			defaultConfigurationName = Release;
		};
		F7CBB8241C6DF8A000EC450A /* Build configuration list for PBXNativeTarget "P24ExampleSwift" */ = {
			isa = XCConfigurationList;
			buildConfigurations = (
				F7CBB8251C6DF8A000EC450A /* Debug */,
				F7CBB8261C6DF8A000EC450A /* Release */,
			);
			defaultConfigurationIsVisible = 0;
			defaultConfigurationName = Release;
		};
/* End XCConfigurationList section */
	};
	rootObject = F7CBB80A1C6DF8A000EC450A /* Project object */;
}
